
Microsoft Visual Studio Solution File, Format Version 12.00
# Visual Studio 2013
VisualStudioVersion = 12.0.31101.0
MinimumVisualStudioVersion = 10.0.40219.1
Project("{FAE04EC0-301F-11D3-BF4B-00C04F79EFBC}") = "DepthBasics-WPF", "DepthBasics-WPF.csproj", "{B814AEE7-0717-4BF4-BACB-150E8AA91633}"
EndProject
Global
	GlobalSection(SolutionConfigurationPlatforms) = preSolution
		Debug|Any CPU = Debug|Any CPU
		Debug|x64 = Debug|x64
		Release|Any CPU = Release|Any CPU
		Release|x64 = Release|x64
	EndGlobalSection
	GlobalSection(ProjectConfigurationPlatforms) = postSolution
		{B814AEE7-0717-4BF4-BACB-150E8AA91633}.Debug|Any CPU.ActiveCfg = Debug|Any CPU
		{B814AEE7-0717-4BF4-BACB-150E8AA91633}.Debug|Any CPU.Build.0 = Debug|Any CPU
		{B814AEE7-0717-4BF4-BACB-150E8AA91633}.Debug|x64.ActiveCfg = Debug|x64
		{B814AEE7-0717-4BF4-BACB-150E8AA91633}.Debug|x64.Build.0 = Debug|x64
		{B814AEE7-0717-4BF4-BACB-150E8AA91633}.Release|Any CPU.ActiveCfg = Release|Any CPU
		{B814AEE7-0717-4BF4-BACB-150E8AA91633}.Release|Any CPU.Build.0 = Release|Any CPU
		{B814AEE7-0717-4BF4-BACB-150E8AA91633}.Release|x64.ActiveCfg = Release|x64
		{B814AEE7-0717-4BF4-BACB-150E8AA91633}.Release|x64.Build.0 = Release|x64
	EndGlobalSection
	GlobalSection(SolutionProperties) = preSolution
		HideSolutionNode = FALSE
	EndGlobalSection
EndGlobal
